
Microsoft Visual Studio Solution File, Format Version 12.00
# Visual Studio Version 16
VisualStudioVersion = 16.0.30225.117
MinimumVisualStudioVersion = 10.0.40219.1
Project("{FAE04EC0-301F-11D3-BF4B-00C04F79EFBC}") = "Dictionary MasterPro", "Dictionary MasterPro\Dictionary MasterPro.csproj", "{52F4C3FE-9332-4BBD-AB85-6349EE209E73}"
EndProject
Global
	GlobalSection(SolutionConfigurationPlatforms) = preSolution
		Debug|Any CPU = Debug|Any CPU
		Release|Any CPU = Release|Any CPU
	EndGlobalSection
	GlobalSection(ProjectConfigurationPlatforms) = postSolution
		{52F4C3FE-9332-4BBD-AB85-6349EE209E73}.Debug|Any CPU.ActiveCfg = Debug|Any CPU
		{52F4C3FE-9332-4BBD-AB85-6349EE209E73}.Debug|Any CPU.Build.0 = Debug|Any CPU
		{52F4C3FE-9332-4BBD-AB85-6349EE209E73}.Release|Any CPU.ActiveCfg = Release|Any CPU
		{52F4C3FE-9332-4BBD-AB85-6349EE209E73}.Release|Any CPU.Build.0 = Release|Any CPU
	EndGlobalSection
	GlobalSection(SolutionProperties) = preSolution
		HideSolutionNode = FALSE
	EndGlobalSection
	GlobalSection(ExtensibilityGlobals) = postSolution
		SolutionGuid = {43FA1F8E-5CF8-4A64-B23E-AC835EAD1503}
	EndGlobalSection
EndGlobal
